
Microsoft Visual Studio Solution File, Format Version 12.00
# Visual Studio 15
VisualStudioVersion = 15.0.27428.2015
MinimumVisualStudioVersion = 10.0.40219.1
Project("{FAE04EC0-301F-11D3-BF4B-00C04F79EFBC}") = "OnionIdentity.Web", "OnionIdentity.Web\OnionIdentity.Web.csproj", "{DB833A04-3B50-415A-91D5-7D2FA0CFFCF7}"
EndProject
Project("{FAE04EC0-301F-11D3-BF4B-00C04F79EFBC}") = "OnionIdentity.Core", "OnionIdentity.Core\OnionIdentity.Core.csproj", "{4B4100B1-73E9-48DB-BFAC-A23AEEF74660}"
EndProject
Project("{FAE04EC0-301F-11D3-BF4B-00C04F79EFBC}") = "OnionIdentity.Infrastructure", "OnionIdentity.Infrastructure\OnionIdentity.Infrastructure.csproj", "{97232B7F-C85C-4874-99B8-6E8A4968A0F9}"
EndProject
Project("{FAE04EC0-301F-11D3-BF4B-00C04F79EFBC}") = "OnionIdentity.Services", "OnionIdentity.Services\OnionIdentity.Services.csproj", "{65FAC2CA-006D-41E2-BA6E-2BC0BF85781F}"
EndProject
Global
	GlobalSection(SolutionConfigurationPlatforms) = preSolution
		Debug|Any CPU = Debug|Any CPU
		Release|Any CPU = Release|Any CPU
	EndGlobalSection
	GlobalSection(ProjectConfigurationPlatforms) = postSolution
		{DB833A04-3B50-415A-91D5-7D2FA0CFFCF7}.Debug|Any CPU.ActiveCfg = Debug|Any CPU
		{DB833A04-3B50-415A-91D5-7D2FA0CFFCF7}.Debug|Any CPU.Build.0 = Debug|Any CPU
		{DB833A04-3B50-415A-91D5-7D2FA0CFFCF7}.Release|Any CPU.ActiveCfg = Release|Any CPU
		{DB833A04-3B50-415A-91D5-7D2FA0CFFCF7}.Release|Any CPU.Build.0 = Release|Any CPU
		{4B4100B1-73E9-48DB-BFAC-A23AEEF74660}.Debug|Any CPU.ActiveCfg = Debug|Any CPU
		{4B4100B1-73E9-48DB-BFAC-A23AEEF74660}.Debug|Any CPU.Build.0 = Debug|Any CPU
		{4B4100B1-73E9-48DB-BFAC-A23AEEF74660}.Release|Any CPU.ActiveCfg = Release|Any CPU
		{4B4100B1-73E9-48DB-BFAC-A23AEEF74660}.Release|Any CPU.Build.0 = Release|Any CPU
		{97232B7F-C85C-4874-99B8-6E8A4968A0F9}.Debug|Any CPU.ActiveCfg = Debug|Any CPU
		{97232B7F-C85C-4874-99B8-6E8A4968A0F9}.Debug|Any CPU.Build.0 = Debug|Any CPU
		{97232B7F-C85C-4874-99B8-6E8A4968A0F9}.Release|Any CPU.ActiveCfg = Release|Any CPU
		{97232B7F-C85C-4874-99B8-6E8A4968A0F9}.Release|Any CPU.Build.0 = Release|Any CPU
		{65FAC2CA-006D-41E2-BA6E-2BC0BF85781F}.Debug|Any CPU.ActiveCfg = Debug|Any CPU
		{65FAC2CA-006D-41E2-BA6E-2BC0BF85781F}.Debug|Any CPU.Build.0 = Debug|Any CPU
		{65FAC2CA-006D-41E2-BA6E-2BC0BF85781F}.Release|Any CPU.ActiveCfg = Release|Any CPU
		{65FAC2CA-006D-41E2-BA6E-2BC0BF85781F}.Release|Any CPU.Build.0 = Release|Any CPU
	EndGlobalSection
	GlobalSection(SolutionProperties) = preSolution
		HideSolutionNode = FALSE
	EndGlobalSection
	GlobalSection(ExtensibilityGlobals) = postSolution
		SolutionGuid = {33C2D1DE-434A-4138-9F0D-8571834F9013}
	EndGlobalSection
EndGlobal
